
Microsoft Visual Studio Solution File, Format Version 12.00
# Visual Studio 15
VisualStudioVersion = 15.0.27428.2037
MinimumVisualStudioVersion = 10.0.40219.1
Project("{8BC9CEB8-8B4A-11D0-8D11-00A0C91BC942}") = "forC", "forC\forC.vcxproj", "{73BB32F8-AC2B-40C2-878B-F2A856D828F9}"
EndProject
Global
	GlobalSection(SolutionConfigurationPlatforms) = preSolution
		Debug|x64 = Debug|x64
		Debug|x86 = Debug|x86
		Release|x64 = Release|x64
		Release|x86 = Release|x86
	EndGlobalSection
	GlobalSection(ProjectConfigurationPlatforms) = postSolution
		{73BB32F8-AC2B-40C2-878B-F2A856D828F9}.Debug|x64.ActiveCfg = Debug|x64
		{73BB32F8-AC2B-40C2-878B-F2A856D828F9}.Debug|x64.Build.0 = Debug|x64
		{73BB32F8-AC2B-40C2-878B-F2A856D828F9}.Debug|x86.ActiveCfg = Debug|Win32
		{73BB32F8-AC2B-40C2-878B-F2A856D828F9}.Debug|x86.Build.0 = Debug|Win32
		{73BB32F8-AC2B-40C2-878B-F2A856D828F9}.Release|x64.ActiveCfg = Release|x64
		{73BB32F8-AC2B-40C2-878B-F2A856D828F9}.Release|x64.Build.0 = Release|x64
		{73BB32F8-AC2B-40C2-878B-F2A856D828F9}.Release|x86.ActiveCfg = Release|Win32
		{73BB32F8-AC2B-40C2-878B-F2A856D828F9}.Release|x86.Build.0 = Release|Win32
	EndGlobalSection
	GlobalSection(SolutionProperties) = preSolution
		HideSolutionNode = FALSE
	EndGlobalSection
	GlobalSection(ExtensibilityGlobals) = postSolution
		SolutionGuid = {F6288D7D-1F83-4206-B65D-FA0CBC802D15}
	EndGlobalSection
EndGlobal
